{
  "name": "inplay-football-scraper",
  "version": "1.0.0",
  "lockfileVersion": 3,
  "requires": true,
  "packages": {
    "": {
      "name": "inplay-football-scraper",
      "version": "1.0.0",
      "license": "MIT",
      "devDependencies": {},
      "engines": {
        "node": ">=18.0.0",
        "python": ">=3.11.0"
      }
    }
  }
}
